github.com/gethugothemes/hugo-modules/accordion v0.0.0-20250306074534-f5c3a047e69c h1:KRONvvj+eXrBli3xpbPSczY1ROAMZgv16d52vyYL4K0=
github.com/gethugothemes/hugo-modules/accordion v0.0.0-20250306074534-f5c3a047e69c/go.mod h1:D4DpauKPDcUHI9CVKYmJeO6bkSJIhUN864TyXZ2o0VI=
github.com/gethugothemes/hugo-modules/adsense v0.0.0-20250306074534-f5c3a047e69c h1:wnXjMzTSkcZrH2hXwoZquDKDA8yXDAjRBIyMUOtQJAA=
github.com/gethugothemes/hugo-modules/adsense v0.0.0-20250306074534-f5c3a047e69c/go.mod h1:8p/gG/cyyu20z4q5cFN/JGE5TOFA55Xsp+aIP9KCsqo=
github.com/gethugothemes/hugo-modules/components/cookie-consent v0.0.0-20250306074534-f5c3a047e69c h1:Rens1c6etnHfzpchAz6qqNtoEToysCJcgCNk6qzVqzo=
github.com/gethugothemes/hugo-modules/components/cookie-consent v0.0.0-20250306074534-f5c3a047e69c/go.mod h1:511ERLpGe3ZTfV2z/NAtUSR5NqKF26h9z5lU/zYV4YQ=
github.com/gethugothemes/hugo-modules/components/custom-script v0.0.0-20250306074534-f5c3a047e69c h1:14hLxiwbLYP+I99/w/RhgpKV6pUn8Vuf3BNEk856AdI=
github.com/gethugothemes/hugo-modules/components/custom-script v0.0.0-20250306074534-f5c3a047e69c/go.mod h1:RuDHq4WnK8sNEzAIJr4BZQ7oXhzcct/EKaAxc2Xvi9E=
github.com/gethugothemes/hugo-modules/components/preloader v0.0.0-20250306074534-f5c3a047e69c h1:kRFgS3eJ0Nxq8wagat6SThraYTDEZ9fnzoRf1k9jOBI=
github.com/gethugothemes/hugo-modules/components/preloader v0.0.0-20250306074534-f5c3a047e69c/go.mod h1:FP0iQ3tMOesuWFZhLst2KEvUEYPb5Jk1GW+QBP9lrwg=
github.com/gethugothemes/hugo-modules/components/render-link v0.0.0-20250306074534-f5c3a047e69c h1:g1/fcOFVSiq65REh5IUq93akzEup+Ke4qiQBk0TURDk=
github.com/gethugothemes/hugo-modules/components/render-link v0.0.0-20250306074534-f5c3a047e69c/go.mod h1:z3YcIeEBUonAoRDY1/Jv1ojNVkZ5ud35a0Nn8L4Inx0=
github.com/gethugothemes/hugo-modules/components/social-share v0.0.0-20250306074534-f5c3a047e69c h1:Nb3t0rX63obZbPcXk8ktqxQk+GF8BlMQ0wCON86QRDg=
github.com/gethugothemes/hugo-modules/components/social-share v0.0.0-20250306074534-f5c3a047e69c/go.mod h1:Gcj4RM/EBECsJMZnPeWjfy/1roRYGqzV9GYNmeHkvFA=
github.com/gethugothemes/hugo-modules/gallery-slider v0.0.0-20250306074534-f5c3a047e69c h1:c9oWeYZvDKHhtqRRFKiPojwh2UuwLJ47Tul7UVB5yWU=
github.com/gethugothemes/hugo-modules/gallery-slider v0.0.0-20250306074534-f5c3a047e69c/go.mod h1:MvQ2js/ofZ22CTX5wuvE+dC0rMe6C5HAWL2fEOu/yzE=
github.com/gethugothemes/hugo-modules/images v0.0.0-20250306074534-f5c3a047e69c h1:xbUi6JhjO39J+f5l0kn9TiHUXbjWJL0eQh5xruscm3g=
github.com/gethugothemes/hugo-modules/images v0.0.0-20250306074534-f5c3a047e69c/go.mod h1:FKliP3qOW9diIcQeLtyZ0Hdhg3PL8bdAkC/6O+XtU90=
github.com/gethugothemes/hugo-modules/modal v0.0.0-20250306074534-f5c3a047e69c h1:fpY27Trp6kVtQCFOrRpGq5Ql2nqWpn1jvwna3y4JOXc=
github.com/gethugothemes/hugo-modules/modal v0.0.0-20250306074534-f5c3a047e69c/go.mod h1:Eb9v7oV6biymfvjcBhQdvgn0gUGYhUtfCMeOBLFpFsk=
github.com/gethugothemes/hugo-modules/pwa v0.0.0-20250306074534-f5c3a047e69c h1:4KRNS7Ha9awHY7guL2x0Dxcb+U3pel9MGo31vhKUTck=
github.com/gethugothemes/hugo-modules/pwa v0.0.0-20250306074534-f5c3a047e69c/go.mod h1:TRv7iszdfo37O1PbBEE+S8X/enAdpRIxK5DGrp13Qbo=
github.com/gethugothemes/hugo-modules/seo-tools/basic-seo v0.0.0-20250306074534-f5c3a047e69c h1:i7oZ76sqpw4MT86+N0Gy090NCotRg9yBVibzToQrHeI=
github.com/gethugothemes/hugo-modules/seo-tools/basic-seo v0.0.0-20250306074534-f5c3a047e69c/go.mod h1:Q8dPgjamV7pxwKSQyWV21Xwh5CGi23/k+M8HPTphYbs=
github.com/gethugothemes/hugo-modules/seo-tools/google-tag-manager v0.0.0-20250306074534-f5c3a047e69c h1:tntwWR/B+PB1v36Lb+F5karrQ8DStdUaTypon2iAj+c=
github.com/gethugothemes/hugo-modules/seo-tools/google-tag-manager v0.0.0-20250306074534-f5c3a047e69c/go.mod h1:cCq50yd55eFTrpqOfeyOK5X0hU5E7qxsqOD7IzTsgLA=
github.com/gethugothemes/hugo-modules/seo-tools/site-verifications v0.0.0-20250306074534-f5c3a047e69c h1:xrK2hP8W7ULNU1aXNU7dsIErDxcOMb72ofPBzgwmU7Y=
github.com/gethugothemes/hugo-modules/seo-tools/site-verifications v0.0.0-20250306074534-f5c3a047e69c/go.mod h1:iXielaya126qJscz7Bc2G2WB91moloQOoWru6UoBUyE=
github.com/gethugothemes/hugo-modules/shortcodes/button v0.0.0-20250306074534-f5c3a047e69c h1:NgEBbh+Koth5T0fd2oyIfMWaIaCPfbVR+F2BZWLq0sM=
github.com/gethugothemes/hugo-modules/shortcodes/button v0.0.0-20250306074534-f5c3a047e69c/go.mod h1:MSvxGvjvcGUKTs6YMATU/9kYFrzW+VSVdy4CCOQLdsY=
github.com/gethugothemes/hugo-modules/shortcodes/notice v0.0.0-20250306074534-f5c3a047e69c h1:25ei9oeHd/rXXrSCtSHdriokprEsE0eVetkivYUT3Oc=
github.com/gethugothemes/hugo-modules/shortcodes/notice v0.0.0-20250306074534-f5c3a047e69c/go.mod h1:ljWyMJx82WA+6SlKjbGFhEdxcriyvUTCjXkJHDa4lho=
github.com/gethugothemes/hugo-modules/tab v0.0.0-20250306074534-f5c3a047e69c h1:sWWIEzae9RHx6kieAi9ngn96HfOHQIjIQtSCTfC22m8=
github.com/gethugothemes/hugo-modules/tab v0.0.0-20250306074534-f5c3a047e69c/go.mod h1:h3UxlxrFoU19JldxWLPBKaTZFe3AJtABrqo1wfxr+Ng=
github.com/gethugothemes/hugo-modules/table-of-contents v0.0.0-20250306074534-f5c3a047e69c h1:kH5cz2z90PjaUbQLuOFiuaNKPZKByqfXQ35WmWo4QdI=
github.com/gethugothemes/hugo-modules/table-of-contents v0.0.0-20250306074534-f5c3a047e69c/go.mod h1:bEDw4veccQQQYEdVrfu13ATRUWfW8ptDIjJZuhYh4Tw=
github.com/gethugothemes/hugo-modules/videos v0.0.0-20250306074534-f5c3a047e69c h1:O2QVyGn0tnNIyGwsd8r8RBfJDQ8xpPAyH6n2+5UPOe0=
github.com/gethugothemes/hugo-modules/videos v0.0.0-20250306074534-f5c3a047e69c/go.mod h1:P722lLWdnNhdZVq6gvMrOLqECUwrAYQWaOWlChta5H0=
github.com/gohugoio/hugo-mod-bootstrap-scss/v5 v5.20300.20400 h1:L6+F22i76xmeWWwrtijAhUbf3BiRLmpO5j34bgl1ggU=
github.com/gohugoio/hugo-mod-bootstrap-scss/v5 v5.20300.20400/go.mod h1:uekq1D4ebeXgduLj8VIZy8TgfTjrLdSl6nPtVczso78=
github.com/gohugoio/hugo-mod-jslibs-dist/popperjs/v2 v2.21100.20000 h1:GZxx4Hc+yb0/t3/rau1j8XlAxLE4CyXns2fqQbyqWfs=
github.com/gohugoio/hugo-mod-jslibs-dist/popperjs/v2 v2.21100.20000/go.mod h1:mFberT6ZtcchrsDtfvJM7aAH2bDKLdOnruUHl0hlapI=
github.com/twbs/bootstrap v5.3.3+incompatible h1:goFoqinzdHfkeegpFP7pvhbd0g+A3O2hbU3XCjuNrEQ=
github.com/twbs/bootstrap v5.3.3+incompatible/go.mod h1:fZTSrkpSf0/HkL0IIJzvVspTt1r9zuf7XlZau8kpcY0=
